// !$*UTF8*$!
{
	archiveVersion = 1;
	classes = {
	};
	objectVersion = 56;
	objects = {

/* Begin PBXBuildFile section */
		7C0DFD752C2DDBF800D5D940 /* DiceResults.swift in Sources */ = {isa = PBXBuildFile; fileRef = 7C0DFD742C2DDBF800D5D940 /* DiceResults.swift */; };
		7C2BC6D22C2B3FA100D526D9 /* High_RollerApp.swift in Sources */ = {isa = PBXBuildFile; fileRef = 7C2BC6D12C2B3FA100D526D9 /* High_RollerApp.swift */; };
		7C2BC6D42C2B3FA100D526D9 /* ContentView.swift in Sources */ = {isa = PBXBuildFile; fileRef = 7C2BC6D32C2B3FA100D526D9 /* ContentView.swift */; };
		7C2BC6D62C2B3FA300D526D9 /* Assets.xcassets in Resources */ = {isa = PBXBuildFile; fileRef = 7C2BC6D52C2B3FA300D526D9 /* Assets.xcassets */; };
		7C2BC6D92C2B3FA300D526D9 /* Preview Assets.xcassets in Resources */ = {isa = PBXBuildFile; fileRef = 7C2BC6D82C2B3FA300D526D9 /* Preview Assets.xcassets */; };
		7C2BC6E02C2B3FDB00D526D9 /* DiceView.swift in Sources */ = {isa = PBXBuildFile; fileRef = 7C2BC6DF2C2B3FDB00D526D9 /* DiceView.swift */; };
		7C50D9452C2F0F050073447C /* ResultsView.swift in Sources */ = {isa = PBXBuildFile; fileRef = 7C50D9442C2F0F050073447C /* ResultsView.swift */; };
		7C50D9472C2F22A50073447C /* RollDiceView.swift in Sources */ = {isa = PBXBuildFile; fileRef = 7C50D9462C2F22A50073447C /* RollDiceView.swift */; };
		7C50D94B2C2F26510073447C /* FiveSide.swift in Sources */ = {isa = PBXBuildFile; fileRef = 7C50D94A2C2F26510073447C /* FiveSide.swift */; };
		7C50D94D2C2F26760073447C /* FourSide.swift in Sources */ = {isa = PBXBuildFile; fileRef = 7C50D94C2C2F26760073447C /* FourSide.swift */; };
		7C50D94F2C2F269C0073447C /* OneSide.swift in Sources */ = {isa = PBXBuildFile; fileRef = 7C50D94E2C2F269C0073447C /* OneSide.swift */; };
		7C50D9512C2F26AC0073447C /* TwoSide.swift in Sources */ = {isa = PBXBuildFile; fileRef = 7C50D9502C2F26AC0073447C /* TwoSide.swift */; };
		7C50D9532C2F26BA0073447C /* ThreeSide.swift in Sources */ = {isa = PBXBuildFile; fileRef = 7C50D9522C2F26BA0073447C /* ThreeSide.swift */; };
		7C50D9552C2F26CB0073447C /* SixSide.swift in Sources */ = {isa = PBXBuildFile; fileRef = 7C50D9542C2F26CB0073447C /* SixSide.swift */; };
		7C549FE82C316C5900EE4391 /* CardResultView.swift in Sources */ = {isa = PBXBuildFile; fileRef = 7C549FE72C316C5900EE4391 /* CardResultView.swift */; };
		7CAC19BC2C330A05008F581C /* TestView.swift in Sources */ = {isa = PBXBuildFile; fileRef = 7CAC19BB2C330A05008F581C /* TestView.swift */; };
		7CAC19BE2C330B8A008F581C /* TestViewTwo.swift in Sources */ = {isa = PBXBuildFile; fileRef = 7CAC19BD2C330B8A008F581C /* TestViewTwo.swift */; };
		7CAC19C02C330F1A008F581C /* BehindTheScenes.swift in Sources */ = {isa = PBXBuildFile; fileRef = 7CAC19BF2C330F1A008F581C /* BehindTheScenes.swift */; };
		7CDD9C242C3032EB00E9E0ED /* BettingView.swift in Sources */ = {isa = PBXBuildFile; fileRef = 7CDD9C232C3032EB00E9E0ED /* BettingView.swift */; };
/* End PBXBuildFile section */

/* Begin PBXFileReference section */
		7C0DFD742C2DDBF800D5D940 /* DiceResults.swift */ = {isa = PBXFileReference; lastKnownFileType = sourcecode.swift; path = DiceResults.swift; sourceTree = "<group>"; };
		7C2BC6CE2C2B3FA100D526D9 /* High Roller.app */ = {isa = PBXFileReference; explicitFileType = wrapper.application; includeInIndex = 0; path = "High Roller.app"; sourceTree = BUILT_PRODUCTS_DIR; };
		7C2BC6D12C2B3FA100D526D9 /* High_RollerApp.swift */ = {isa = PBXFileReference; lastKnownFileType = sourcecode.swift; path = High_RollerApp.swift; sourceTree = "<group>"; };
		7C2BC6D32C2B3FA100D526D9 /* ContentView.swift */ = {isa = PBXFileReference; lastKnownFileType = sourcecode.swift; path = ContentView.swift; sourceTree = "<group>"; };
		7C2BC6D52C2B3FA300D526D9 /* Assets.xcassets */ = {isa = PBXFileReference; lastKnownFileType = folder.assetcatalog; path = Assets.xcassets; sourceTree = "<group>"; };
		7C2BC6D82C2B3FA300D526D9 /* Preview Assets.xcassets */ = {isa = PBXFileReference; lastKnownFileType = folder.assetcatalog; path = "Preview Assets.xcassets"; sourceTree = "<group>"; };
		7C2BC6DF2C2B3FDB00D526D9 /* DiceView.swift */ = {isa = PBXFileReference; lastKnownFileType = sourcecode.swift; path = DiceView.swift; sourceTree = "<group>"; };
		7C50D9442C2F0F050073447C /* ResultsView.swift */ = {isa = PBXFileReference; lastKnownFileType = sourcecode.swift; path = ResultsView.swift; sourceTree = "<group>"; };
		7C50D9462C2F22A50073447C /* RollDiceView.swift */ = {isa = PBXFileReference; lastKnownFileType = sourcecode.swift; path = RollDiceView.swift; sourceTree = "<group>"; };
		7C50D94A2C2F26510073447C /* FiveSide.swift */ = {isa = PBXFileReference; lastKnownFileType = sourcecode.swift; path = FiveSide.swift; sourceTree = "<group>"; };
		7C50D94C2C2F26760073447C /* FourSide.swift */ = {isa = PBXFileReference; lastKnownFileType = sourcecode.swift; path = FourSide.swift; sourceTree = "<group>"; };
		7C50D94E2C2F269C0073447C /* OneSide.swift */ = {isa = PBXFileReference; lastKnownFileType = sourcecode.swift; path = OneSide.swift; sourceTree = "<group>"; };
		7C50D9502C2F26AC0073447C /* TwoSide.swift */ = {isa = PBXFileReference; lastKnownFileType = sourcecode.swift; path = TwoSide.swift; sourceTree = "<group>"; };
		7C50D9522C2F26BA0073447C /* ThreeSide.swift */ = {isa = PBXFileReference; lastKnownFileType = sourcecode.swift; path = ThreeSide.swift; sourceTree = "<group>"; };
		7C50D9542C2F26CB0073447C /* SixSide.swift */ = {isa = PBXFileReference; lastKnownFileType = sourcecode.swift; path = SixSide.swift; sourceTree = "<group>"; };
		7C549FE72C316C5900EE4391 /* CardResultView.swift */ = {isa = PBXFileReference; lastKnownFileType = sourcecode.swift; path = CardResultView.swift; sourceTree = "<group>"; };
		7CAC19BB2C330A05008F581C /* TestView.swift */ = {isa = PBXFileReference; lastKnownFileType = sourcecode.swift; path = TestView.swift; sourceTree = "<group>"; };
		7CAC19BD2C330B8A008F581C /* TestViewTwo.swift */ = {isa = PBXFileReference; lastKnownFileType = sourcecode.swift; path = TestViewTwo.swift; sourceTree = "<group>"; };
		7CAC19BF2C330F1A008F581C /* BehindTheScenes.swift */ = {isa = PBXFileReference; lastKnownFileType = sourcecode.swift; path = BehindTheScenes.swift; sourceTree = "<group>"; };
		7CDD9C232C3032EB00E9E0ED /* BettingView.swift */ = {isa = PBXFileReference; lastKnownFileType = sourcecode.swift; path = BettingView.swift; sourceTree = "<group>"; };
/* End PBXFileReference section */

/* Begin PBXFrameworksBuildPhase section */
		7C2BC6CB2C2B3FA100D526D9 /* Frameworks */ = {
			isa = PBXFrameworksBuildPhase;
			buildActionMask = 2147483647;
			files = (
			);
			runOnlyForDeploymentPostprocessing = 0;
		};
/* End PBXFrameworksBuildPhase section */

/* Begin PBXGroup section */
		7C2BC6C52C2B3FA100D526D9 = {
			isa = PBXGroup;
			children = (
				7C2BC6D02C2B3FA100D526D9 /* High Roller */,
				7C2BC6CF2C2B3FA100D526D9 /* Products */,
			);
			sourceTree = "<group>";
		};
		7C2BC6CF2C2B3FA100D526D9 /* Products */ = {
			isa = PBXGroup;
			children = (
				7C2BC6CE2C2B3FA100D526D9 /* High Roller.app */,
			);
			name = Products;
			sourceTree = "<group>";
		};
		7C2BC6D02C2B3FA100D526D9 /* High Roller */ = {
			isa = PBXGroup;
			children = (
				7C2BC6D12C2B3FA100D526D9 /* High_RollerApp.swift */,
				7C2BC6D32C2B3FA100D526D9 /* ContentView.swift */,
				7C50D9442C2F0F050073447C /* ResultsView.swift */,
				7C549FE72C316C5900EE4391 /* CardResultView.swift */,
				7C2BC6DF2C2B3FDB00D526D9 /* DiceView.swift */,
				7C50D9562C2F26D40073447C /* DiceSides */,
				7C50D9462C2F22A50073447C /* RollDiceView.swift */,
				7CAC19BF2C330F1A008F581C /* BehindTheScenes.swift */,
				7CDD9C232C3032EB00E9E0ED /* BettingView.swift */,
				7C0DFD742C2DDBF800D5D940 /* DiceResults.swift */,
				7CAC19BB2C330A05008F581C /* TestView.swift */,
				7CAC19BD2C330B8A008F581C /* TestViewTwo.swift */,
				7C2BC6D52C2B3FA300D526D9 /* Assets.xcassets */,
				7C2BC6D72C2B3FA300D526D9 /* Preview Content */,
			);
			path = "High Roller";
			sourceTree = "<group>";
		};
		7C2BC6D72C2B3FA300D526D9 /* Preview Content */ = {
			isa = PBXGroup;
			children = (
				7C2BC6D82C2B3FA300D526D9 /* Preview Assets.xcassets */,
			);
			path = "Preview Content";
			sourceTree = "<group>";
		};
		7C50D9562C2F26D40073447C /* DiceSides */ = {
			isa = PBXGroup;
			children = (
				7C50D94E2C2F269C0073447C /* OneSide.swift */,
				7C50D9502C2F26AC0073447C /* TwoSide.swift */,
				7C50D9522C2F26BA0073447C /* ThreeSide.swift */,
				7C50D94C2C2F26760073447C /* FourSide.swift */,
				7C50D94A2C2F26510073447C /* FiveSide.swift */,
				7C50D9542C2F26CB0073447C /* SixSide.swift */,
			);
			path = DiceSides;
			sourceTree = "<group>";
		};
/* End PBXGroup section */

/* Begin PBXNativeTarget section */
		7C2BC6CD2C2B3FA100D526D9 /* High Roller */ = {
			isa = PBXNativeTarget;
			buildConfigurationList = 7C2BC6DC2C2B3FA300D526D9 /* Build configuration list for PBXNativeTarget "High Roller" */;
			buildPhases = (
				7C2BC6CA2C2B3FA100D526D9 /* Sources */,
				7C2BC6CB2C2B3FA100D526D9 /* Frameworks */,
				7C2BC6CC2C2B3FA100D526D9 /* Resources */,
			);
			buildRules = (
			);
			dependencies = (
			);
			name = "High Roller";
			productName = "High Roller";
			productReference = 7C2BC6CE2C2B3FA100D526D9 /* High Roller.app */;
			productType = "com.apple.product-type.application";
		};
/* End PBXNativeTarget section */

/* Begin PBXProject section */
		7C2BC6C62C2B3FA100D526D9 /* Project object */ = {
			isa = PBXProject;
			attributes = {
				BuildIndependentTargetsInParallel = 1;
				LastSwiftUpdateCheck = 1540;
				LastUpgradeCheck = 1540;
				TargetAttributes = {
					7C2BC6CD2C2B3FA100D526D9 = {
						CreatedOnToolsVersion = 15.4;
					};
				};
			};
			buildConfigurationList = 7C2BC6C92C2B3FA100D526D9 /* Build configuration list for PBXProject "High Roller" */;
			compatibilityVersion = "Xcode 14.0";
			developmentRegion = en;
			hasScannedForEncodings = 0;
			knownRegions = (
				en,
				Base,
			);
			mainGroup = 7C2BC6C52C2B3FA100D526D9;
			productRefGroup = 7C2BC6CF2C2B3FA100D526D9 /* Products */;
			projectDirPath = "";
			projectRoot = "";
			targets = (
				7C2BC6CD2C2B3FA100D526D9 /* High Roller */,
			);
		};
/* End PBXProject section */

/* Begin PBXResourcesBuildPhase section */
		7C2BC6CC2C2B3FA100D526D9 /* Resources */ = {
			isa = PBXResourcesBuildPhase;
			buildActionMask = 2147483647;
			files = (
				7C2BC6D92C2B3FA300D526D9 /* Preview Assets.xcassets in Resources */,
				7C2BC6D62C2B3FA300D526D9 /* Assets.xcassets in Resources */,
			);
			runOnlyForDeploymentPostprocessing = 0;
		};
/* End PBXResourcesBuildPhase section */

/* Begin PBXSourcesBuildPhase section */
		7C2BC6CA2C2B3FA100D526D9 /* Sources */ = {
			isa = PBXSourcesBuildPhase;
			buildActionMask = 2147483647;
			files = (
				7C50D94B2C2F26510073447C /* FiveSide.swift in Sources */,
				7CAC19BE2C330B8A008F581C /* TestViewTwo.swift in Sources */,
				7C50D9472C2F22A50073447C /* RollDiceView.swift in Sources */,
				7C50D94D2C2F26760073447C /* FourSide.swift in Sources */,
				7C50D94F2C2F269C0073447C /* OneSide.swift in Sources */,
				7C549FE82C316C5900EE4391 /* CardResultView.swift in Sources */,
				7C2BC6D42C2B3FA100D526D9 /* ContentView.swift in Sources */,
				7CAC19BC2C330A05008F581C /* TestView.swift in Sources */,
				7C50D9552C2F26CB0073447C /* SixSide.swift in Sources */,
				7C50D9532C2F26BA0073447C /* ThreeSide.swift in Sources */,
				7C50D9512C2F26AC0073447C /* TwoSide.swift in Sources */,
				7C2BC6E02C2B3FDB00D526D9 /* DiceView.swift in Sources */,
				7CAC19C02C330F1A008F581C /* BehindTheScenes.swift in Sources */,
				7CDD9C242C3032EB00E9E0ED /* BettingView.swift in Sources */,
				7C2BC6D22C2B3FA100D526D9 /* High_RollerApp.swift in Sources */,
				7C50D9452C2F0F050073447C /* ResultsView.swift in Sources */,
				7C0DFD752C2DDBF800D5D940 /* DiceResults.swift in Sources */,
			);
			runOnlyForDeploymentPostprocessing = 0;
		};
/* End PBXSourcesBuildPhase section */

/* Begin XCBuildConfiguration section */
		7C2BC6DA2C2B3FA300D526D9 /* Debug */ = {
			isa = XCBuildConfiguration;
			buildSettings = {
				ALWAYS_SEARCH_USER_PATHS = NO;
				ASSETCATALOG_COMPILER_GENERATE_SWIFT_ASSET_SYMBOL_EXTENSIONS = YES;
				CLANG_ANALYZER_NONNULL = YES;
				CLANG_ANALYZER_NUMBER_OBJECT_CONVERSION = YES_AGGRESSIVE;
				CLANG_CXX_LANGUAGE_STANDARD = "gnu++20";
				CLANG_ENABLE_MODULES = YES;
				CLANG_ENABLE_OBJC_ARC = YES;
				CLANG_ENABLE_OBJC_WEAK = YES;
				CLANG_WARN_BLOCK_CAPTURE_AUTORELEASING = YES;
				CLANG_WARN_BOOL_CONVERSION = YES;
				CLANG_WARN_COMMA = YES;
				CLANG_WARN_CONSTANT_CONVERSION = YES;
				CLANG_WARN_DEPRECATED_OBJC_IMPLEMENTATIONS = YES;
				CLANG_WARN_DIRECT_OBJC_ISA_USAGE = YES_ERROR;
				CLANG_WARN_DOCUMENTATION_COMMENTS = YES;
				CLANG_WARN_EMPTY_BODY = YES;
				CLANG_WARN_ENUM_CONVERSION = YES;
				CLANG_WARN_INFINITE_RECURSION = YES;
				CLANG_WARN_INT_CONVERSION = YES;
				CLANG_WARN_NON_LITERAL_NULL_CONVERSION = YES;
				CLANG_WARN_OBJC_IMPLICIT_RETAIN_SELF = YES;
				CLANG_WARN_OBJC_LITERAL_CONVERSION = YES;
				CLANG_WARN_OBJC_ROOT_CLASS = YES_ERROR;
				CLANG_WARN_QUOTED_INCLUDE_IN_FRAMEWORK_HEADER = YES;
				CLANG_WARN_RANGE_LOOP_ANALYSIS = YES;
				CLANG_WARN_STRICT_PROTOTYPES = YES;
				CLANG_WARN_SUSPICIOUS_MOVE = YES;
				CLANG_WARN_UNGUARDED_AVAILABILITY = YES_AGGRESSIVE;
				CLANG_WARN_UNREACHABLE_CODE = YES;
				CLANG_WARN__DUPLICATE_METHOD_MATCH = YES;
				COPY_PHASE_STRIP = NO;
				DEBUG_INFORMATION_FORMAT = dwarf;
				ENABLE_STRICT_OBJC_MSGSEND = YES;
				ENABLE_TESTABILITY = YES;
				ENABLE_USER_SCRIPT_SANDBOXING = YES;
				GCC_C_LANGUAGE_STANDARD = gnu17;
				GCC_DYNAMIC_NO_PIC = NO;
				GCC_NO_COMMON_BLOCKS = YES;
				GCC_OPTIMIZATION_LEVEL = 0;
				GCC_PREPROCESSOR_DEFINITIONS = (
					"DEBUG=1",
					"$(inherited)",
				);
				GCC_WARN_64_TO_32_BIT_CONVERSION = YES;
				GCC_WARN_ABOUT_RETURN_TYPE = YES_ERROR;
				GCC_WARN_UNDECLARED_SELECTOR = YES;
				GCC_WARN_UNINITIALIZED_AUTOS = YES_AGGRESSIVE;
				GCC_WARN_UNUSED_FUNCTION = YES;
				GCC_WARN_UNUSED_VARIABLE = YES;
				IPHONEOS_DEPLOYMENT_TARGET = 17.5;
				LOCALIZATION_PREFERS_STRING_CATALOGS = YES;
				MTL_ENABLE_DEBUG_INFO = INCLUDE_SOURCE;
				MTL_FAST_MATH = YES;
				ONLY_ACTIVE_ARCH = YES;
				SDKROOT = iphoneos;
				SWIFT_ACTIVE_COMPILATION_CONDITIONS = "DEBUG $(inherited)";
				SWIFT_OPTIMIZATION_LEVEL = "-Onone";
			};
			name = Debug;
		};
		7C2BC6DB2C2B3FA300D526D9 /* Release */ = {
			isa = XCBuildConfiguration;
			buildSettings = {
				ALWAYS_SEARCH_USER_PATHS = NO;
				ASSETCATALOG_COMPILER_GENERATE_SWIFT_ASSET_SYMBOL_EXTENSIONS = YES;
				CLANG_ANALYZER_NONNULL = YES;
				CLANG_ANALYZER_NUMBER_OBJECT_CONVERSION = YES_AGGRESSIVE;
				CLANG_CXX_LANGUAGE_STANDARD = "gnu++20";
				CLANG_ENABLE_MODULES = YES;
				CLANG_ENABLE_OBJC_ARC = YES;
				CLANG_ENABLE_OBJC_WEAK = YES;
				CLANG_WARN_BLOCK_CAPTURE_AUTORELEASING = YES;
				CLANG_WARN_BOOL_CONVERSION = YES;
				CLANG_WARN_COMMA = YES;
				CLANG_WARN_CONSTANT_CONVERSION = YES;
				CLANG_WARN_DEPRECATED_OBJC_IMPLEMENTATIONS = YES;
				CLANG_WARN_DIRECT_OBJC_ISA_USAGE = YES_ERROR;
				CLANG_WARN_DOCUMENTATION_COMMENTS = YES;
				CLANG_WARN_EMPTY_BODY = YES;
				CLANG_WARN_ENUM_CONVERSION = YES;
				CLANG_WARN_INFINITE_RECURSION = YES;
				CLANG_WARN_INT_CONVERSION = YES;
				CLANG_WARN_NON_LITERAL_NULL_CONVERSION = YES;
				CLANG_WARN_OBJC_IMPLICIT_RETAIN_SELF = YES;
				CLANG_WARN_OBJC_LITERAL_CONVERSION = YES;
				CLANG_WARN_OBJC_ROOT_CLASS = YES_ERROR;
				CLANG_WARN_QUOTED_INCLUDE_IN_FRAMEWORK_HEADER = YES;
				CLANG_WARN_RANGE_LOOP_ANALYSIS = YES;
				CLANG_WARN_STRICT_PROTOTYPES = YES;
				CLANG_WARN_SUSPICIOUS_MOVE = YES;
				CLANG_WARN_UNGUARDED_AVAILABILITY = YES_AGGRESSIVE;
				CLANG_WARN_UNREACHABLE_CODE = YES;
				CLANG_WARN__DUPLICATE_METHOD_MATCH = YES;
				COPY_PHASE_STRIP = NO;
				DEBUG_INFORMATION_FORMAT = "dwarf-with-dsym";
				ENABLE_NS_ASSERTIONS = NO;
				ENABLE_STRICT_OBJC_MSGSEND = YES;
				ENABLE_USER_SCRIPT_SANDBOXING = YES;
				GCC_C_LANGUAGE_STANDARD = gnu17;
				GCC_NO_COMMON_BLOCKS = YES;
				GCC_WARN_64_TO_32_BIT_CONVERSION = YES;
				GCC_WARN_ABOUT_RETURN_TYPE = YES_ERROR;
				GCC_WARN_UNDECLARED_SELECTOR = YES;
				GCC_WARN_UNINITIALIZED_AUTOS = YES_AGGRESSIVE;
				GCC_WARN_UNUSED_FUNCTION = YES;
				GCC_WARN_UNUSED_VARIABLE = YES;
				IPHONEOS_DEPLOYMENT_TARGET = 17.5;
				LOCALIZATION_PREFERS_STRING_CATALOGS = YES;
				MTL_ENABLE_DEBUG_INFO = NO;
				MTL_FAST_MATH = YES;
				SDKROOT = iphoneos;
				SWIFT_COMPILATION_MODE = wholemodule;
				VALIDATE_PRODUCT = YES;
			};
			name = Release;
		};
		7C2BC6DD2C2B3FA300D526D9 /* Debug */ = {
			isa = XCBuildConfiguration;
			buildSettings = {
				ASSETCATALOG_COMPILER_APPICON_NAME = AppIcon;
				ASSETCATALOG_COMPILER_GLOBAL_ACCENT_COLOR_NAME = AccentColor;
				CODE_SIGN_STYLE = Automatic;
				CURRENT_PROJECT_VERSION = 1;
				DEVELOPMENT_ASSET_PATHS = "\"High Roller/Preview Content\"";
				DEVELOPMENT_TEAM = H37643XZW5;
				ENABLE_PREVIEWS = YES;
				GENERATE_INFOPLIST_FILE = YES;
				INFOPLIST_KEY_UIApplicationSceneManifest_Generation = YES;
				INFOPLIST_KEY_UIApplicationSupportsIndirectInputEvents = YES;
				INFOPLIST_KEY_UILaunchScreen_Generation = YES;
				INFOPLIST_KEY_UISupportedInterfaceOrientations_iPad = "UIInterfaceOrientationPortrait UIInterfaceOrientationPortraitUpsideDown UIInterfaceOrientationLandscapeLeft UIInterfaceOrientationLandscapeRight";
				INFOPLIST_KEY_UISupportedInterfaceOrientations_iPhone = "UIInterfaceOrientationPortrait UIInterfaceOrientationLandscapeLeft UIInterfaceOrientationLandscapeRight";
				LD_RUNPATH_SEARCH_PATHS = (
					"$(inherited)",
					"@executable_path/Frameworks",
				);
				MARKETING_VERSION = 1.0;
				PRODUCT_BUNDLE_IDENTIFIER = "dev.cromanalcai.High-Roller";
				PRODUCT_NAME = "$(TARGET_NAME)";
				SWIFT_EMIT_LOC_STRINGS = YES;
				SWIFT_VERSION = 5.0;
				TARGETED_DEVICE_FAMILY = "1,2";
			};
			name = Debug;
		};
		7C2BC6DE2C2B3FA300D526D9 /* Release */ = {
			isa = XCBuildConfiguration;
			buildSettings = {
				ASSETCATALOG_COMPILER_APPICON_NAME = AppIcon;
				ASSETCATALOG_COMPILER_GLOBAL_ACCENT_COLOR_NAME = AccentColor;
				CODE_SIGN_STYLE = Automatic;
				CURRENT_PROJECT_VERSION = 1;
				DEVELOPMENT_ASSET_PATHS = "\"High Roller/Preview Content\"";
				DEVELOPMENT_TEAM = H37643XZW5;
				ENABLE_PREVIEWS = YES;
				GENERATE_INFOPLIST_FILE = YES;
				INFOPLIST_KEY_UIApplicationSceneManifest_Generation = YES;
				INFOPLIST_KEY_UIApplicationSupportsIndirectInputEvents = YES;
				INFOPLIST_KEY_UILaunchScreen_Generation = YES;
				INFOPLIST_KEY_UISupportedInterfaceOrientations_iPad = "UIInterfaceOrientationPortrait UIInterfaceOrientationPortraitUpsideDown UIInterfaceOrientationLandscapeLeft UIInterfaceOrientationLandscapeRight";
				INFOPLIST_KEY_UISupportedInterfaceOrientations_iPhone = "UIInterfaceOrientationPortrait UIInterfaceOrientationLandscapeLeft UIInterfaceOrientationLandscapeRight";
				LD_RUNPATH_SEARCH_PATHS = (
					"$(inherited)",
					"@executable_path/Frameworks",
				);
				MARKETING_VERSION = 1.0;
				PRODUCT_BUNDLE_IDENTIFIER = "dev.cromanalcai.High-Roller";
				PRODUCT_NAME = "$(TARGET_NAME)";
				SWIFT_EMIT_LOC_STRINGS = YES;
				SWIFT_VERSION = 5.0;
				TARGETED_DEVICE_FAMILY = "1,2";
			};
			name = Release;
		};
/* End XCBuildConfiguration section */

/* Begin XCConfigurationList section */
		7C2BC6C92C2B3FA100D526D9 /* Build configuration list for PBXProject "High Roller" */ = {
			isa = XCConfigurationList;
			buildConfigurations = (
				7C2BC6DA2C2B3FA300D526D9 /* Debug */,
				7C2BC6DB2C2B3FA300D526D9 /* Release */,
			);
			defaultConfigurationIsVisible = 0;
			defaultConfigurationName = Release;
		};
		7C2BC6DC2C2B3FA300D526D9 /* Build configuration list for PBXNativeTarget "High Roller" */ = {
			isa = XCConfigurationList;
			buildConfigurations = (
				7C2BC6DD2C2B3FA300D526D9 /* Debug */,
				7C2BC6DE2C2B3FA300D526D9 /* Release */,
			);
			defaultConfigurationIsVisible = 0;
			defaultConfigurationName = Release;
		};
/* End XCConfigurationList section */
	};
	rootObject = 7C2BC6C62C2B3FA100D526D9 /* Project object */;
}
